
Microsoft Visual Studio Solution File, Format Version 12.00
# Visual Studio Version 17
VisualStudioVersion = 17.14.36221.1 d17.14
MinimumVisualStudioVersion = 10.0.40219.1
Project("{FAE04EC0-301F-11D3-BF4B-00C04F79EFBC}") = "RecipeNest", "RecipeNest\RecipeNest.csproj", "{ED81A265-103E-4CD5-BCD3-FD81179A817A}"
EndProject
Global
	GlobalSection(SolutionConfigurationPlatforms) = preSolution
		Debug|Any CPU = Debug|Any CPU
		Release|Any CPU = Release|Any CPU
	EndGlobalSection
	GlobalSection(ProjectConfigurationPlatforms) = postSolution
		{ED81A265-103E-4CD5-BCD3-FD81179A817A}.Debug|Any CPU.ActiveCfg = Debug|Any CPU
		{ED81A265-103E-4CD5-BCD3-FD81179A817A}.Debug|Any CPU.Build.0 = Debug|Any CPU
		{ED81A265-103E-4CD5-BCD3-FD81179A817A}.Release|Any CPU.ActiveCfg = Release|Any CPU
		{ED81A265-103E-4CD5-BCD3-FD81179A817A}.Release|Any CPU.Build.0 = Release|Any CPU
	EndGlobalSection
	GlobalSection(SolutionProperties) = preSolution
		HideSolutionNode = FALSE
	EndGlobalSection
	GlobalSection(ExtensibilityGlobals) = postSolution
		SolutionGuid = {2E62FFFE-7794-42DE-AB87-2D82F5EEE97A}
	EndGlobalSection
EndGlobal
